
Microsoft Visual Studio Solution File, Format Version 12.00
# Visual Studio Version 17
VisualStudioVersion = 17.14.36511.14
MinimumVisualStudioVersion = 10.0.40219.1
Project("{FAE04EC0-301F-11D3-BF4B-00C04F79EFBC}") = "BPlusOne", "BPlusOne\BPlusOne.csproj", "{14FBD7CC-D28A-41EE-A388-760DE676648C}"
EndProject
Project("{FAE04EC0-301F-11D3-BF4B-00C04F79EFBC}") = "UnitTest", "UnitTest\UnitTest.csproj", "{BCD3B24E-7D8E-4436-A66F-E4DEB0DD5059}"
EndProject
Global
	GlobalSection(SolutionConfigurationPlatforms) = preSolution
		Debug|Any CPU = Debug|Any CPU
		Release|Any CPU = Release|Any CPU
	EndGlobalSection
	GlobalSection(ProjectConfigurationPlatforms) = postSolution
		{14FBD7CC-D28A-41EE-A388-760DE676648C}.Debug|Any CPU.ActiveCfg = Debug|Any CPU
		{14FBD7CC-D28A-41EE-A388-760DE676648C}.Debug|Any CPU.Build.0 = Debug|Any CPU
		{14FBD7CC-D28A-41EE-A388-760DE676648C}.Release|Any CPU.ActiveCfg = Release|Any CPU
		{14FBD7CC-D28A-41EE-A388-760DE676648C}.Release|Any CPU.Build.0 = Release|Any CPU
		{BCD3B24E-7D8E-4436-A66F-E4DEB0DD5059}.Debug|Any CPU.ActiveCfg = Debug|Any CPU
		{BCD3B24E-7D8E-4436-A66F-E4DEB0DD5059}.Debug|Any CPU.Build.0 = Debug|Any CPU
		{BCD3B24E-7D8E-4436-A66F-E4DEB0DD5059}.Release|Any CPU.ActiveCfg = Release|Any CPU
		{BCD3B24E-7D8E-4436-A66F-E4DEB0DD5059}.Release|Any CPU.Build.0 = Release|Any CPU
	EndGlobalSection
	GlobalSection(SolutionProperties) = preSolution
		HideSolutionNode = FALSE
	EndGlobalSection
	GlobalSection(ExtensibilityGlobals) = postSolution
		SolutionGuid = {8988D1A2-2D39-43D0-BC47-D2A901F3772F}
	EndGlobalSection
EndGlobal
